
Microsoft Visual Studio Solution File, Format Version 12.00
# Visual Studio 15
VisualStudioVersion = 15.0.28010.2036
MinimumVisualStudioVersion = 10.0.40219.1
Project("{FAE04EC0-301F-11D3-BF4B-00C04F79EFBC}") = "StockProject4", "StockProject4\StockProject4.csproj", "{23E24A0E-C13D-4ED1-BBDB-8F965919B50A}"
EndProject
Global
	GlobalSection(SolutionConfigurationPlatforms) = preSolution
		Debug|Any CPU = Debug|Any CPU
		Release|Any CPU = Release|Any CPU
	EndGlobalSection
	GlobalSection(ProjectConfigurationPlatforms) = postSolution
		{23E24A0E-C13D-4ED1-BBDB-8F965919B50A}.Debug|Any CPU.ActiveCfg = Debug|Any CPU
		{23E24A0E-C13D-4ED1-BBDB-8F965919B50A}.Debug|Any CPU.Build.0 = Debug|Any CPU
		{23E24A0E-C13D-4ED1-BBDB-8F965919B50A}.Release|Any CPU.ActiveCfg = Release|Any CPU
		{23E24A0E-C13D-4ED1-BBDB-8F965919B50A}.Release|Any CPU.Build.0 = Release|Any CPU
	EndGlobalSection
	GlobalSection(SolutionProperties) = preSolution
		HideSolutionNode = FALSE
	EndGlobalSection
	GlobalSection(ExtensibilityGlobals) = postSolution
		SolutionGuid = {A920130F-5C6C-413F-BF01-EDF259EDAB95}
	EndGlobalSection
EndGlobal
